
Microsoft Visual Studio Solution File, Format Version 12.00
# Visual Studio Version 17
VisualStudioVersion = 17.6.33723.286
MinimumVisualStudioVersion = 10.0.40219.1
Project("{FAE04EC0-301F-11D3-BF4B-00C04F79EFBC}") = "VoyadoTest", "VoyadoTest\VoyadoTest.csproj", "{8D96B340-B699-4960-802F-FE3AB4F5B132}"
EndProject
Project("{FAE04EC0-301F-11D3-BF4B-00C04F79EFBC}") = "VoyadoTestTest", "VoyadoTestTest\VoyadoTestTest.csproj", "{3C5A04A3-EB53-4DAC-95DE-13153223E2C3}"
EndProject
Global
	GlobalSection(SolutionConfigurationPlatforms) = preSolution
		Debug|Any CPU = Debug|Any CPU
		Release|Any CPU = Release|Any CPU
	EndGlobalSection
	GlobalSection(ProjectConfigurationPlatforms) = postSolution
		{8D96B340-B699-4960-802F-FE3AB4F5B132}.Debug|Any CPU.ActiveCfg = Debug|Any CPU
		{8D96B340-B699-4960-802F-FE3AB4F5B132}.Debug|Any CPU.Build.0 = Debug|Any CPU
		{8D96B340-B699-4960-802F-FE3AB4F5B132}.Release|Any CPU.ActiveCfg = Release|Any CPU
		{8D96B340-B699-4960-802F-FE3AB4F5B132}.Release|Any CPU.Build.0 = Release|Any CPU
		{3C5A04A3-EB53-4DAC-95DE-13153223E2C3}.Debug|Any CPU.ActiveCfg = Debug|Any CPU
		{3C5A04A3-EB53-4DAC-95DE-13153223E2C3}.Debug|Any CPU.Build.0 = Debug|Any CPU
		{3C5A04A3-EB53-4DAC-95DE-13153223E2C3}.Release|Any CPU.ActiveCfg = Release|Any CPU
		{3C5A04A3-EB53-4DAC-95DE-13153223E2C3}.Release|Any CPU.Build.0 = Release|Any CPU
	EndGlobalSection
	GlobalSection(SolutionProperties) = preSolution
		HideSolutionNode = FALSE
	EndGlobalSection
	GlobalSection(ExtensibilityGlobals) = postSolution
		SolutionGuid = {DA688982-2578-4942-871B-160EE7431E26}
	EndGlobalSection
EndGlobal
